
Microsoft Visual Studio Solution File, Format Version 12.00
# Visual Studio Version 16
VisualStudioVersion = 16.0.32106.194
MinimumVisualStudioVersion = 10.0.40219.1
Project("{FAE04EC0-301F-11D3-BF4B-00C04F79EFBC}") = "KomisijaService", "KomisijaService.csproj", "{C3C18783-AE8A-4258-B4F7-DAEF82F5A73F}"
EndProject
Global
	GlobalSection(SolutionConfigurationPlatforms) = preSolution
		Debug|Any CPU = Debug|Any CPU
		Release|Any CPU = Release|Any CPU
	EndGlobalSection
	GlobalSection(ProjectConfigurationPlatforms) = postSolution
		{C3C18783-AE8A-4258-B4F7-DAEF82F5A73F}.Debug|Any CPU.ActiveCfg = Debug|Any CPU
		{C3C18783-AE8A-4258-B4F7-DAEF82F5A73F}.Debug|Any CPU.Build.0 = Debug|Any CPU
		{C3C18783-AE8A-4258-B4F7-DAEF82F5A73F}.Release|Any CPU.ActiveCfg = Release|Any CPU
		{C3C18783-AE8A-4258-B4F7-DAEF82F5A73F}.Release|Any CPU.Build.0 = Release|Any CPU
	EndGlobalSection
	GlobalSection(SolutionProperties) = preSolution
		HideSolutionNode = FALSE
	EndGlobalSection
	GlobalSection(ExtensibilityGlobals) = postSolution
		SolutionGuid = {4A70FE08-0EC2-4EA8-81C5-34F6A51C57BC}
	EndGlobalSection
EndGlobal
