
Microsoft Visual Studio Solution File, Format Version 12.00
# Visual Studio Version 16
VisualStudioVersion = 16.0.31911.196
MinimumVisualStudioVersion = 10.0.40219.1
Project("{FAE04EC0-301F-11D3-BF4B-00C04F79EFBC}") = "Mesto", "Mesto\Mesto.csproj", "{3365A55E-F15B-44F3-8C20-098CEA06B627}"
EndProject
Global
	GlobalSection(SolutionConfigurationPlatforms) = preSolution
		Debug|Any CPU = Debug|Any CPU
		Release|Any CPU = Release|Any CPU
	EndGlobalSection
	GlobalSection(ProjectConfigurationPlatforms) = postSolution
		{3365A55E-F15B-44F3-8C20-098CEA06B627}.Debug|Any CPU.ActiveCfg = Debug|Any CPU
		{3365A55E-F15B-44F3-8C20-098CEA06B627}.Debug|Any CPU.Build.0 = Debug|Any CPU
		{3365A55E-F15B-44F3-8C20-098CEA06B627}.Release|Any CPU.ActiveCfg = Release|Any CPU
		{3365A55E-F15B-44F3-8C20-098CEA06B627}.Release|Any CPU.Build.0 = Release|Any CPU
	EndGlobalSection
	GlobalSection(SolutionProperties) = preSolution
		HideSolutionNode = FALSE
	EndGlobalSection
	GlobalSection(ExtensibilityGlobals) = postSolution
		SolutionGuid = {4E497A93-B9D6-4C08-8CFC-A8A2526997FC}
	EndGlobalSection
EndGlobal
